
Microsoft Visual Studio Solution File, Format Version 12.00
# Visual Studio Version 17
VisualStudioVersion = 17.8.34525.116
MinimumVisualStudioVersion = 10.0.40219.1
Project("{9A19103F-16F7-4668-BE54-9A1E7A4F7556}") = "EliassensTestAndrewGilliam", "EliassensTestAndrewGilliam.csproj", "{869249E3-58CC-4844-8206-F52B0ED4A2B6}"
EndProject
Global
	GlobalSection(SolutionConfigurationPlatforms) = preSolution
		Debug|Any CPU = Debug|Any CPU
		Release|Any CPU = Release|Any CPU
	EndGlobalSection
	GlobalSection(ProjectConfigurationPlatforms) = postSolution
		{869249E3-58CC-4844-8206-F52B0ED4A2B6}.Debug|Any CPU.ActiveCfg = Debug|Any CPU
		{869249E3-58CC-4844-8206-F52B0ED4A2B6}.Debug|Any CPU.Build.0 = Debug|Any CPU
		{869249E3-58CC-4844-8206-F52B0ED4A2B6}.Release|Any CPU.ActiveCfg = Release|Any CPU
		{869249E3-58CC-4844-8206-F52B0ED4A2B6}.Release|Any CPU.Build.0 = Release|Any CPU
	EndGlobalSection
	GlobalSection(SolutionProperties) = preSolution
		HideSolutionNode = FALSE
	EndGlobalSection
	GlobalSection(ExtensibilityGlobals) = postSolution
		SolutionGuid = {D8D7DBFA-8A0F-4A6F-89B8-0EF753A8ACD0}
	EndGlobalSection
EndGlobal
